
Microsoft Visual Studio Solution File, Format Version 12.00
# Visual Studio Version 17
VisualStudioVersion = 17.4.33403.182
MinimumVisualStudioVersion = 10.0.40219.1
Project("{FAE04EC0-301F-11D3-BF4B-00C04F79EFBC}") = "ProgressBar", "ProgressBar\ProgressBar.csproj", "{50364026-F103-4579-B4ED-CA812DCB1EBF}"
EndProject
Global
	GlobalSection(SolutionConfigurationPlatforms) = preSolution
		Debug|Any CPU = Debug|Any CPU
		Release|Any CPU = Release|Any CPU
	EndGlobalSection
	GlobalSection(ProjectConfigurationPlatforms) = postSolution
		{50364026-F103-4579-B4ED-CA812DCB1EBF}.Debug|Any CPU.ActiveCfg = Debug|Any CPU
		{50364026-F103-4579-B4ED-CA812DCB1EBF}.Debug|Any CPU.Build.0 = Debug|Any CPU
		{50364026-F103-4579-B4ED-CA812DCB1EBF}.Release|Any CPU.ActiveCfg = Release|Any CPU
		{50364026-F103-4579-B4ED-CA812DCB1EBF}.Release|Any CPU.Build.0 = Release|Any CPU
	EndGlobalSection
	GlobalSection(SolutionProperties) = preSolution
		HideSolutionNode = FALSE
	EndGlobalSection
	GlobalSection(ExtensibilityGlobals) = postSolution
		SolutionGuid = {1DAF1A1F-8F8F-434D-93B6-79656413AACB}
	EndGlobalSection
EndGlobal
